
Microsoft Visual Studio Solution File, Format Version 12.00
# Visual Studio Version 16
VisualStudioVersion = 16.0.30717.126
MinimumVisualStudioVersion = 10.0.40219.1
Project("{FAE04EC0-301F-11D3-BF4B-00C04F79EFBC}") = "WebuyParser", "WebuyParser\WebuyParser.csproj", "{ED0260EB-28FC-46C4-A3D1-90012B2DAD81}"
EndProject
Global
	GlobalSection(SolutionConfigurationPlatforms) = preSolution
		Debug|Any CPU = Debug|Any CPU
		Release|Any CPU = Release|Any CPU
	EndGlobalSection
	GlobalSection(ProjectConfigurationPlatforms) = postSolution
		{ED0260EB-28FC-46C4-A3D1-90012B2DAD81}.Debug|Any CPU.ActiveCfg = Debug|Any CPU
		{ED0260EB-28FC-46C4-A3D1-90012B2DAD81}.Debug|Any CPU.Build.0 = Debug|Any CPU
		{ED0260EB-28FC-46C4-A3D1-90012B2DAD81}.Release|Any CPU.ActiveCfg = Release|Any CPU
		{ED0260EB-28FC-46C4-A3D1-90012B2DAD81}.Release|Any CPU.Build.0 = Release|Any CPU
	EndGlobalSection
	GlobalSection(SolutionProperties) = preSolution
		HideSolutionNode = FALSE
	EndGlobalSection
	GlobalSection(ExtensibilityGlobals) = postSolution
		SolutionGuid = {A14FA9F5-09BC-4EC6-9D78-FA246192A134}
	EndGlobalSection
EndGlobal
